{
  "requires": true,
  "lockfileVersion": 1,
  "dependencies": {
    "warframe-items": {
      "version": "1.449.0",
      "resolved": "https://registry.npmjs.org/warframe-items/-/warframe-items-1.449.0.tgz",
      "integrity": "sha512-jvxK+zUYW7P8fPk7++7GBGE6lUXrqOm7qdz3/8v3GO2PS9JGWNznHvw9/NF8orcd5qobghzTtLtqMu5LHnzy2w=="
    }
  }
}
